
Microsoft Visual Studio Solution File, Format Version 12.00
# Visual Studio 15
VisualStudioVersion = 15.0.28010.2046
MinimumVisualStudioVersion = 10.0.40219.1
Project("{FAE04EC0-301F-11D3-BF4B-00C04F79EFBC}") = "file_IO_154", "file_IO_154\file_IO_154.csproj", "{90C1D25F-42D9-4832-A363-D823895FDEBB}"
EndProject
Global
	GlobalSection(SolutionConfigurationPlatforms) = preSolution
		Debug|Any CPU = Debug|Any CPU
		Release|Any CPU = Release|Any CPU
	EndGlobalSection
	GlobalSection(ProjectConfigurationPlatforms) = postSolution
		{90C1D25F-42D9-4832-A363-D823895FDEBB}.Debug|Any CPU.ActiveCfg = Debug|Any CPU
		{90C1D25F-42D9-4832-A363-D823895FDEBB}.Debug|Any CPU.Build.0 = Debug|Any CPU
		{90C1D25F-42D9-4832-A363-D823895FDEBB}.Release|Any CPU.ActiveCfg = Release|Any CPU
		{90C1D25F-42D9-4832-A363-D823895FDEBB}.Release|Any CPU.Build.0 = Release|Any CPU
	EndGlobalSection
	GlobalSection(SolutionProperties) = preSolution
		HideSolutionNode = FALSE
	EndGlobalSection
	GlobalSection(ExtensibilityGlobals) = postSolution
		SolutionGuid = {50082BF0-7557-45DF-BC4F-4D8C4FA5CA0D}
	EndGlobalSection
EndGlobal
